# This file is autogenerated, do not edit; changes may be undone by the next 'dep ensure'.


[[projects]]
  branch = "master"
  name = "github.com/FrisovanderVeen/bf"
  packages = ["."]
  revision = "00f661f1198883cac1f65b8f91782d74cfecefee"

[[projects]]
  name = "github.com/bwmarrin/discordgo"
  packages = ["."]
  revision = "4a33b9bc7c56cfdb9bb244e33e83cb3941fe2bdc"
  version = "v0.18.0"

[[projects]]
  name = "github.com/gorilla/websocket"
  packages = ["."]
  revision = "ea4d1f681babbce9545c9c5f3d5194a789c89f5b"
  version = "v1.2.0"

[[projects]]
  branch = "master"
  name = "github.com/jonas747/dca"
  packages = ["."]
  revision = "bf5d11669cdb8be779296c65addb0c82b8d43391"

[[projects]]
  branch = "master"
  name = "github.com/jonas747/ogg"
  packages = ["."]
  revision = "b4f6f4cf3757a3bf88eae9222045b99b9d76d8ca"

[[projects]]
  name = "github.com/op/go-logging"
  packages = ["."]
  revision = "b2cb9fa56473e98db8caba80237377e83fe44db5"
  version = "v1"

[[projects]]
  name = "github.com/urfave/cli"
  packages = ["."]
  revision = "cfb38830724cc34fedffe9a2a29fb54fa9169cd1"
  version = "v1.20.0"

[[projects]]
  branch = "master"
  name = "golang.org/x/crypto"
  packages = [
    "nacl/secretbox",
    "poly1305",
    "salsa20/salsa"
  ]
  revision = "91a49db82a88618983a78a06c1cbd4e00ab749ab"

[[projects]]
  name = "gopkg.in/oleiade/lane.v1"
  packages = ["."]
  revision = "28f7c3f09254f12b51e620fa4db136ba58804762"
  version = "v1.0.0"

[solve-meta]
  analyzer-name = "dep"
  analyzer-version = 1
  inputs-digest = "5b39c94a742abda4910ddd4271ef1c0e1116a5a1efc7004c9b9456f7f4f6bc48"
  solver-name = "gps-cdcl"
  solver-version = 1
